# This file is autogenerated, do not edit; changes may be undone by the next 'dep ensure'.


[[projects]]
  branch = "master"
  name = "github.com/donovanhide/eventsource"
  packages = ["."]
  revision = "b8f31a59085e69dd2678cf51840db2ac625cb741"

[[projects]]
  branch = "master"
  name = "github.com/dsnet/compress"
  packages = [".","bzip2","bzip2/internal/sais","internal","internal/errors","internal/prefix"]
  revision = "0ae8e136a5df9e3caf6c0f69983608b07438411b"

[[projects]]
  name = "github.com/gambol99/go-marathon"
  packages = ["."]
  revision = "6b00a5b651b1beb2c6821863f7c60df490bd46c8"
  version = "v0.7.1"

[[projects]]
  branch = "master"
  name = "github.com/google/go-querystring"
  packages = ["query"]
  revision = "53e6ce116135b80d037921a7fdd5138cf32d7a8a"

[[projects]]
  name = "github.com/mholt/archiver"
  packages = ["."]
  revision = "cdc68dd1f170b8dfc1a0d2231b5bb0967ed67006"
  version = "v2.0"

[[projects]]
  branch = "master"
  name = "github.com/nwaples/rardecode"
  packages = ["."]
  revision = "f22b7ef81a0afac9ce1447d37e5ab8e99fbd2f73"

[[projects]]
  name = "github.com/ulikunitz/xz"
  packages = [".","internal/hash","internal/xlog","lzma"]
  revision = "0c6b41e72360850ca4f98dc341fd999726ea007f"
  version = "v0.5.4"

[[projects]]
  name = "gopkg.in/h2non/filetype.v1"
  packages = [".","matchers","types"]
  revision = "22e255079ab40241c671d457081831d972f0436b"
  version = "v1.0.3"

[solve-meta]
  analyzer-name = "dep"
  analyzer-version = 1
  inputs-digest = "ca712956b9b3b49774c96ff7d35d4e1451e95b47ccc97777e9a366822b7facc5"
  solver-name = "gps-cdcl"
  solver-version = 1
